
Microsoft Visual Studio Solution File, Format Version 12.00
# Visual Studio 14
VisualStudioVersion = 14.0.25420.1
MinimumVisualStudioVersion = 10.0.40219.1
Project("{2150E333-8FDC-42A3-9474-1A3956D46DE8}") = ".nuget", ".nuget", "{0A4B9F5F-86D3-43EA-A39E-4656D32F6439}"
	ProjectSection(SolutionItems) = preProject
		.nuget\NuGet.Config = .nuget\NuGet.Config
		.nuget\NuGet.exe = .nuget\NuGet.exe
		.nuget\NuGet.targets = .nuget\NuGet.targets
	EndProjectSection
EndProject
Project("{2150E333-8FDC-42A3-9474-1A3956D46DE8}") = "Solution Items", "Solution Items", "{8621E5EF-A303-445E-A2C5-0F87600E7BB2}"
	ProjectSection(SolutionItems) = preProject
		TODOs.txt = TODOs.txt
	EndProjectSection
EndProject
Project("{FAE04EC0-301F-11D3-BF4B-00C04F79EFBC}") = "Cluster.Forms.Api", "Cluster.Forms.Api\Cluster.Forms.Api.csproj", "{46F6D99C-8CDE-4609-82D0-01DD8B79312F}"
EndProject
Project("{FAE04EC0-301F-11D3-BF4B-00C04F79EFBC}") = "Cluster.Forms.Impl", "Cluster.Forms.Impl\Cluster.Forms.Impl.csproj", "{ADA98F12-0E6F-4DF8-9DDA-9A80C8ABB6A3}"
EndProject
Project("{FAE04EC0-301F-11D3-BF4B-00C04F79EFBC}") = "Cluster.Forms.Test", "Cluster.Forms.Test\Cluster.Forms.Test.csproj", "{4EF31ADF-C252-40B9-92B5-A90A507964A5}"
EndProject
Project("{FAE04EC0-301F-11D3-BF4B-00C04F79EFBC}") = "Cluster.Names.Api", "Cluster.Names.Api\Cluster.Names.Api.csproj", "{9EDD9AD6-6A67-4683-83CA-2029E49F20EA}"
EndProject
Project("{FAE04EC0-301F-11D3-BF4B-00C04F79EFBC}") = "Cluster.Tasks.Api", "Cluster.Tasks.Api\Cluster.Tasks.Api.csproj", "{5A811962-236C-45DD-AA13-C4EB9FB5397D}"
EndProject
Project("{FAE04EC0-301F-11D3-BF4B-00C04F79EFBC}") = "Cluster.Tasks.Impl", "Cluster.Tasks.Impl\Cluster.Tasks.Impl.csproj", "{56A7C119-5D7C-4D28-B65B-F2E52EB86687}"
EndProject
Project("{FAE04EC0-301F-11D3-BF4B-00C04F79EFBC}") = "Cluster.Tasks.Test", "Cluster.Tasks.Test\Cluster.Tasks.Test.csproj", "{BD4F9351-AF5D-4722-A25B-CB06F5F7E2F4}"
EndProject
Project("{FAE04EC0-301F-11D3-BF4B-00C04F79EFBC}") = "Cluster.Names.Impl", "Cluster.Names.Impl\Cluster.Names.Impl.csproj", "{52FB8795-9C1F-49E3-A93C-02F2A63411D6}"
EndProject
Project("{FAE04EC0-301F-11D3-BF4B-00C04F79EFBC}") = "Cluster.Names.Test", "Cluster.Names.Test\Cluster.Names.Test.csproj", "{F467E7F9-1841-4ADD-99C0-DA0CB5097BA1}"
EndProject
Project("{FAE04EC0-301F-11D3-BF4B-00C04F79EFBC}") = "Cluster.Addresses.Api", "Cluster.Addresses.Api\Cluster.Addresses.Api.csproj", "{21E84D63-2D1D-4C2A-A2D7-735AF768144E}"
EndProject
Project("{FAE04EC0-301F-11D3-BF4B-00C04F79EFBC}") = "Cluster.Addresses.Impl", "Cluster.Addresses.Impl\Cluster.Addresses.Impl.csproj", "{39CFA399-8B8B-4B6D-AE01-291F4E1181B0}"
EndProject
Project("{FAE04EC0-301F-11D3-BF4B-00C04F79EFBC}") = "Cluster.Addresses.Test", "Cluster.Addresses.Test\Cluster.Addresses.Test.csproj", "{66195BDF-6ED6-4249-80A2-FF52F02828E5}"
EndProject
Project("{FAE04EC0-301F-11D3-BF4B-00C04F79EFBC}") = "Cluster.Telephones.Api", "Cluster.Telephones.Api\Cluster.Telephones.Api.csproj", "{F67415AE-AD4A-4B12-B355-7EACE6AF8684}"
EndProject
Project("{FAE04EC0-301F-11D3-BF4B-00C04F79EFBC}") = "Cluster.Telephones.Impl", "Cluster.Telephones.Impl\Cluster.Telephones.Impl.csproj", "{092A6E91-7E33-4D62-B20B-7101F2C113EF}"
EndProject
Project("{FAE04EC0-301F-11D3-BF4B-00C04F79EFBC}") = "Cluster.Countries.Api", "Cluster.Countries.Api\Cluster.Countries.Api.csproj", "{FBEA5F51-E01F-4589-A730-1A7405B70182}"
EndProject
Project("{FAE04EC0-301F-11D3-BF4B-00C04F79EFBC}") = "Cluster.Emails.Api", "Cluster.Emails.Api\Cluster.Emails.Api.csproj", "{82D9A3B1-04D5-47DA-A47F-06D0A585878D}"
EndProject
Project("{FAE04EC0-301F-11D3-BF4B-00C04F79EFBC}") = "Cluster.Emails.Impl", "Cluster.Emails.Impl\Cluster.Emails.Impl.csproj", "{320B1170-3433-4F9B-A51D-B54D8E3C91D4}"
EndProject
Project("{FAE04EC0-301F-11D3-BF4B-00C04F79EFBC}") = "Cluster.Countries.Impl", "Cluster.Countries.Impl\Cluster.Countries.Impl.csproj", "{B4C006AF-B597-4966-A6C5-A9A305221831}"
EndProject
Project("{FAE04EC0-301F-11D3-BF4B-00C04F79EFBC}") = "Cluster.Countries.Test", "Cluster.Countries.Test\Cluster.Countries.Test.csproj", "{344D35F9-C0E8-4974-A7F3-FD89BA72C22B}"
EndProject
Project("{FAE04EC0-301F-11D3-BF4B-00C04F79EFBC}") = "Cluster.Telephones.Test", "Cluster.Telephones.Test\Cluster.Telephones.Test.csproj", "{A6AB03C6-5011-4BB6-9311-29672E7638ED}"
EndProject
Project("{FAE04EC0-301F-11D3-BF4B-00C04F79EFBC}") = "Cluster.Emails.Test", "Cluster.Emails.Test\Cluster.Emails.Test.csproj", "{E7CE5A39-2550-4C44-83F4-9E9021455A11}"
EndProject
Project("{FAE04EC0-301F-11D3-BF4B-00C04F79EFBC}") = "Cluster.Documents.Api", "Cluster.Documents.Api\Cluster.Documents.Api.csproj", "{3181C18D-6118-4063-95BD-56301839F543}"
EndProject
Project("{FAE04EC0-301F-11D3-BF4B-00C04F79EFBC}") = "Cluster.Documents.Impl", "Cluster.Documents.Impl\Cluster.Documents.Impl.csproj", "{9B76D7E7-6EF8-4F21-B7E4-77A7C4D56B39}"
EndProject
Project("{FAE04EC0-301F-11D3-BF4B-00C04F79EFBC}") = "Cluster.Documents.Test", "Cluster.Documents.Test\Cluster.Documents.Test.csproj", "{0F1BFA73-8F3E-4CD0-AD80-656FF26B9B20}"
EndProject
Project("{FAE04EC0-301F-11D3-BF4B-00C04F79EFBC}") = "Cluster.System.Api", "Cluster.System.Api\Cluster.System.Api.csproj", "{6B67FBDE-9F10-4EBD-9DD0-7F390016C661}"
EndProject
Project("{FAE04EC0-301F-11D3-BF4B-00C04F79EFBC}") = "Cluster.System.Impl", "Cluster.System.Impl\Cluster.System.Impl.csproj", "{99AC6666-8414-4212-A046-4F3C2B12DF8F}"
EndProject
Project("{FAE04EC0-301F-11D3-BF4B-00C04F79EFBC}") = "Cluster.System.Test", "Cluster.System.Test\Cluster.System.Test.csproj", "{B9C35904-7F49-4F4A-B783-7C527CAEAF86}"
EndProject
Project("{FAE04EC0-301F-11D3-BF4B-00C04F79EFBC}") = "Cluster.System.Mock", "Cluster.System.Mock\Cluster.System.Mock.csproj", "{10FC14D4-0A6C-4E2D-87BF-FE320E82FC47}"
EndProject
Project("{FAE04EC0-301F-11D3-BF4B-00C04F79EFBC}") = "Cluster.Templates.Api", "Cluster.Templates.Api\Cluster.Templates.Api.csproj", "{4C17888F-4D9C-47A4-9DD8-D379540A556A}"
EndProject
Project("{FAE04EC0-301F-11D3-BF4B-00C04F79EFBC}") = "Cluster.Templates.Impl", "Cluster.Templates.Impl\Cluster.Templates.Impl.csproj", "{60754D36-8F83-4D93-B5D7-DF2FC478EF1B}"
EndProject
Project("{FAE04EC0-301F-11D3-BF4B-00C04F79EFBC}") = "Cluster.Templates.Test", "Cluster.Templates.Test\Cluster.Templates.Test.csproj", "{766432D1-3683-4EA4-B628-53AB0FFA7855}"
EndProject
Project("{FAE04EC0-301F-11D3-BF4B-00C04F79EFBC}") = "Cluster.Audit.Api", "Cluster.Audit.Api\Cluster.Audit.Api.csproj", "{580E43C7-FBB4-46A6-83A7-57B6C450FBBE}"
EndProject
Project("{FAE04EC0-301F-11D3-BF4B-00C04F79EFBC}") = "Cluster.Audit.Impl", "Cluster.Audit.Impl\Cluster.Audit.Impl.csproj", "{C76212C0-A29C-4CDB-8139-49656B835C8B}"
EndProject
Project("{FAE04EC0-301F-11D3-BF4B-00C04F79EFBC}") = "Cluster.Audit.Test", "Cluster.Audit.Test\Cluster.Audit.Test.csproj", "{51F52465-146C-4A6A-850D-4278DCE3ABFA}"
EndProject
Project("{FAE04EC0-301F-11D3-BF4B-00C04F79EFBC}") = "Cluster.Users.Api", "Cluster.Users.Api\Cluster.Users.Api.csproj", "{71D96DA1-4E7D-47FE-B4AD-18D8132A8A49}"
EndProject
Project("{FAE04EC0-301F-11D3-BF4B-00C04F79EFBC}") = "Cluster.Accounts.Impl", "Cluster.Accounts.Impl\Cluster.Accounts.Impl.csproj", "{8A449C98-76D3-4C7F-ACB7-53694EFD8FA6}"
EndProject
Project("{FAE04EC0-301F-11D3-BF4B-00C04F79EFBC}") = "Cluster.Accounts.Test", "Cluster.Accounts.Test\Cluster.Accounts.Test.csproj", "{7DE1FE62-9C01-4529-9658-D3A8165CC30B}"
EndProject
Project("{FAE04EC0-301F-11D3-BF4B-00C04F79EFBC}") = "Cluster.Accounts.Api", "Cluster.Accounts.Api\Cluster.Accounts.Api.csproj", "{065F781D-8AE0-40D1-9A30-0E0716A32E66}"
EndProject
Project("{FAE04EC0-301F-11D3-BF4B-00C04F79EFBC}") = "Helpers", "NakedObjects.Extensions\Helpers.csproj", "{947A697D-6052-488C-8105-34AB7F60CC41}"
EndProject
Project("{FAE04EC0-301F-11D3-BF4B-00C04F79EFBC}") = "Cluster.MultiStep.Impl", "Cluster.MultiStep.Api\Cluster.MultiStep.Impl.csproj", "{45E585AC-77E4-4E58-A69D-348715940E25}"
EndProject
Project("{FAE04EC0-301F-11D3-BF4B-00C04F79EFBC}") = "Cluster.MultiStep.Test", "Cluster.MultiStep.Test\Cluster.MultiStep.Test.csproj", "{0D58E4C5-4F2E-43FF-BAA3-BC88ABA417F5}"
EndProject
Project("{2150E333-8FDC-42A3-9474-1A3956D46DE8}") = ".build", ".build", "{6C75B636-5070-402E-AFB6-7C288C6239DB}"
	ProjectSection(SolutionItems) = preProject
		Build.proj = Build.proj
		.build\MSBuild.Community.Tasks.dll = .build\MSBuild.Community.Tasks.dll
		.build\MSBuild.Community.Tasks.targets = .build\MSBuild.Community.Tasks.targets
	EndProjectSection
EndProject
Project("{FAE04EC0-301F-11D3-BF4B-00C04F79EFBC}") = "Template.Server", "Template.Server\Template.Server.csproj", "{730972FC-9D78-44C1-91DB-BAB7774FC501}"
EndProject
Project("{FAE04EC0-301F-11D3-BF4B-00C04F79EFBC}") = "Template.DataBase", "Template.DataBase\Template.DataBase.csproj", "{A94DC40A-6FFC-4487-9F78-E520C5484F81}"
EndProject
Project("{FAE04EC0-301F-11D3-BF4B-00C04F79EFBC}") = "Template.SeedData", "Template.SeedData\Template.SeedData.csproj", "{DA6C0059-19B9-47AA-9282-36A169D11672}"
EndProject
Project("{FAE04EC0-301F-11D3-BF4B-00C04F79EFBC}") = "Template.Client", "Template.Client\Template.Client.csproj", "{9F3A372C-4F7F-4094-A399-BCB2E8397D2E}"
EndProject
Project("{FAE04EC0-301F-11D3-BF4B-00C04F79EFBC}") = "Cluster.Users.Mock", "Cluster.Users.Mock\Cluster.Users.Mock.csproj", "{93406FFB-08AD-4657-A719-D975A52755E8}"
EndProject
Project("{FAE04EC0-301F-11D3-BF4B-00C04F79EFBC}") = "Cluster.Users.Impl", "Cluster.Users.Impl\Cluster.Users.Impl.csproj", "{4329BF10-1497-4C86-A196-BA4A284005E4}"
EndProject
Project("{FAE04EC0-301F-11D3-BF4B-00C04F79EFBC}") = "Cluster.Users.Test", "Cluster.Users.Test\Cluster.Users.Test.csproj", "{C74E734C-5289-49D2-A58A-4A7FEA636953}"
EndProject
Project("{FAE04EC0-301F-11D3-BF4B-00C04F79EFBC}") = "Cluster.Batch.Api", "Cluster.Batch.Api\Cluster.Batch.Api.csproj", "{7CF7BDE5-0A91-4085-8602-EABE54F78A22}"
EndProject
Project("{FAE04EC0-301F-11D3-BF4B-00C04F79EFBC}") = "Helpers.nof9", "Helpers.nof9\Helpers.nof9.csproj", "{12DF45BC-7891-444D-B060-C29BF7BA1246}"
EndProject
Global
	GlobalSection(SolutionConfigurationPlatforms) = preSolution
		Debug|Any CPU = Debug|Any CPU
		Release|Any CPU = Release|Any CPU
	EndGlobalSection
	GlobalSection(ProjectConfigurationPlatforms) = postSolution
		{46F6D99C-8CDE-4609-82D0-01DD8B79312F}.Debug|Any CPU.ActiveCfg = Debug|Any CPU
		{46F6D99C-8CDE-4609-82D0-01DD8B79312F}.Debug|Any CPU.Build.0 = Debug|Any CPU
		{46F6D99C-8CDE-4609-82D0-01DD8B79312F}.Release|Any CPU.ActiveCfg = Release|Any CPU
		{46F6D99C-8CDE-4609-82D0-01DD8B79312F}.Release|Any CPU.Build.0 = Release|Any CPU
		{ADA98F12-0E6F-4DF8-9DDA-9A80C8ABB6A3}.Debug|Any CPU.ActiveCfg = Debug|Any CPU
		{ADA98F12-0E6F-4DF8-9DDA-9A80C8ABB6A3}.Debug|Any CPU.Build.0 = Debug|Any CPU
		{ADA98F12-0E6F-4DF8-9DDA-9A80C8ABB6A3}.Release|Any CPU.ActiveCfg = Release|Any CPU
		{ADA98F12-0E6F-4DF8-9DDA-9A80C8ABB6A3}.Release|Any CPU.Build.0 = Release|Any CPU
		{4EF31ADF-C252-40B9-92B5-A90A507964A5}.Debug|Any CPU.ActiveCfg = Debug|Any CPU
		{4EF31ADF-C252-40B9-92B5-A90A507964A5}.Debug|Any CPU.Build.0 = Debug|Any CPU
		{4EF31ADF-C252-40B9-92B5-A90A507964A5}.Release|Any CPU.ActiveCfg = Release|Any CPU
		{4EF31ADF-C252-40B9-92B5-A90A507964A5}.Release|Any CPU.Build.0 = Release|Any CPU
		{9EDD9AD6-6A67-4683-83CA-2029E49F20EA}.Debug|Any CPU.ActiveCfg = Debug|Any CPU
		{9EDD9AD6-6A67-4683-83CA-2029E49F20EA}.Debug|Any CPU.Build.0 = Debug|Any CPU
		{9EDD9AD6-6A67-4683-83CA-2029E49F20EA}.Release|Any CPU.ActiveCfg = Release|Any CPU
		{9EDD9AD6-6A67-4683-83CA-2029E49F20EA}.Release|Any CPU.Build.0 = Release|Any CPU
		{5A811962-236C-45DD-AA13-C4EB9FB5397D}.Debug|Any CPU.ActiveCfg = Debug|Any CPU
		{5A811962-236C-45DD-AA13-C4EB9FB5397D}.Debug|Any CPU.Build.0 = Debug|Any CPU
		{5A811962-236C-45DD-AA13-C4EB9FB5397D}.Release|Any CPU.ActiveCfg = Release|Any CPU
		{5A811962-236C-45DD-AA13-C4EB9FB5397D}.Release|Any CPU.Build.0 = Release|Any CPU
		{56A7C119-5D7C-4D28-B65B-F2E52EB86687}.Debug|Any CPU.ActiveCfg = Debug|Any CPU
		{56A7C119-5D7C-4D28-B65B-F2E52EB86687}.Debug|Any CPU.Build.0 = Debug|Any CPU
		{56A7C119-5D7C-4D28-B65B-F2E52EB86687}.Release|Any CPU.ActiveCfg = Release|Any CPU
		{56A7C119-5D7C-4D28-B65B-F2E52EB86687}.Release|Any CPU.Build.0 = Release|Any CPU
		{BD4F9351-AF5D-4722-A25B-CB06F5F7E2F4}.Debug|Any CPU.ActiveCfg = Debug|Any CPU
		{BD4F9351-AF5D-4722-A25B-CB06F5F7E2F4}.Debug|Any CPU.Build.0 = Debug|Any CPU
		{BD4F9351-AF5D-4722-A25B-CB06F5F7E2F4}.Release|Any CPU.ActiveCfg = Release|Any CPU
		{BD4F9351-AF5D-4722-A25B-CB06F5F7E2F4}.Release|Any CPU.Build.0 = Release|Any CPU
		{52FB8795-9C1F-49E3-A93C-02F2A63411D6}.Debug|Any CPU.ActiveCfg = Debug|Any CPU
		{52FB8795-9C1F-49E3-A93C-02F2A63411D6}.Debug|Any CPU.Build.0 = Debug|Any CPU
		{52FB8795-9C1F-49E3-A93C-02F2A63411D6}.Release|Any CPU.ActiveCfg = Release|Any CPU
		{52FB8795-9C1F-49E3-A93C-02F2A63411D6}.Release|Any CPU.Build.0 = Release|Any CPU
		{F467E7F9-1841-4ADD-99C0-DA0CB5097BA1}.Debug|Any CPU.ActiveCfg = Debug|Any CPU
		{F467E7F9-1841-4ADD-99C0-DA0CB5097BA1}.Debug|Any CPU.Build.0 = Debug|Any CPU
		{F467E7F9-1841-4ADD-99C0-DA0CB5097BA1}.Release|Any CPU.ActiveCfg = Release|Any CPU
		{F467E7F9-1841-4ADD-99C0-DA0CB5097BA1}.Release|Any CPU.Build.0 = Release|Any CPU
		{21E84D63-2D1D-4C2A-A2D7-735AF768144E}.Debug|Any CPU.ActiveCfg = Debug|Any CPU
		{21E84D63-2D1D-4C2A-A2D7-735AF768144E}.Debug|Any CPU.Build.0 = Debug|Any CPU
		{21E84D63-2D1D-4C2A-A2D7-735AF768144E}.Release|Any CPU.ActiveCfg = Release|Any CPU
		{21E84D63-2D1D-4C2A-A2D7-735AF768144E}.Release|Any CPU.Build.0 = Release|Any CPU
		{39CFA399-8B8B-4B6D-AE01-291F4E1181B0}.Debug|Any CPU.ActiveCfg = Debug|Any CPU
		{39CFA399-8B8B-4B6D-AE01-291F4E1181B0}.Debug|Any CPU.Build.0 = Debug|Any CPU
		{39CFA399-8B8B-4B6D-AE01-291F4E1181B0}.Release|Any CPU.ActiveCfg = Release|Any CPU
		{39CFA399-8B8B-4B6D-AE01-291F4E1181B0}.Release|Any CPU.Build.0 = Release|Any CPU
		{66195BDF-6ED6-4249-80A2-FF52F02828E5}.Debug|Any CPU.ActiveCfg = Debug|Any CPU
		{66195BDF-6ED6-4249-80A2-FF52F02828E5}.Debug|Any CPU.Build.0 = Debug|Any CPU
		{66195BDF-6ED6-4249-80A2-FF52F02828E5}.Release|Any CPU.ActiveCfg = Release|Any CPU
		{66195BDF-6ED6-4249-80A2-FF52F02828E5}.Release|Any CPU.Build.0 = Release|Any CPU
		{F67415AE-AD4A-4B12-B355-7EACE6AF8684}.Debug|Any CPU.ActiveCfg = Debug|Any CPU
		{F67415AE-AD4A-4B12-B355-7EACE6AF8684}.Debug|Any CPU.Build.0 = Debug|Any CPU
		{F67415AE-AD4A-4B12-B355-7EACE6AF8684}.Release|Any CPU.ActiveCfg = Release|Any CPU
		{F67415AE-AD4A-4B12-B355-7EACE6AF8684}.Release|Any CPU.Build.0 = Release|Any CPU
		{092A6E91-7E33-4D62-B20B-7101F2C113EF}.Debug|Any CPU.ActiveCfg = Debug|Any CPU
		{092A6E91-7E33-4D62-B20B-7101F2C113EF}.Debug|Any CPU.Build.0 = Debug|Any CPU
		{092A6E91-7E33-4D62-B20B-7101F2C113EF}.Release|Any CPU.ActiveCfg = Release|Any CPU
		{092A6E91-7E33-4D62-B20B-7101F2C113EF}.Release|Any CPU.Build.0 = Release|Any CPU
		{FBEA5F51-E01F-4589-A730-1A7405B70182}.Debug|Any CPU.ActiveCfg = Debug|Any CPU
		{FBEA5F51-E01F-4589-A730-1A7405B70182}.Debug|Any CPU.Build.0 = Debug|Any CPU
		{FBEA5F51-E01F-4589-A730-1A7405B70182}.Release|Any CPU.ActiveCfg = Release|Any CPU
		{FBEA5F51-E01F-4589-A730-1A7405B70182}.Release|Any CPU.Build.0 = Release|Any CPU
		{82D9A3B1-04D5-47DA-A47F-06D0A585878D}.Debug|Any CPU.ActiveCfg = Debug|Any CPU
		{82D9A3B1-04D5-47DA-A47F-06D0A585878D}.Debug|Any CPU.Build.0 = Debug|Any CPU
		{82D9A3B1-04D5-47DA-A47F-06D0A585878D}.Release|Any CPU.ActiveCfg = Release|Any CPU
		{82D9A3B1-04D5-47DA-A47F-06D0A585878D}.Release|Any CPU.Build.0 = Release|Any CPU
		{320B1170-3433-4F9B-A51D-B54D8E3C91D4}.Debug|Any CPU.ActiveCfg = Debug|Any CPU
		{320B1170-3433-4F9B-A51D-B54D8E3C91D4}.Debug|Any CPU.Build.0 = Debug|Any CPU
		{320B1170-3433-4F9B-A51D-B54D8E3C91D4}.Release|Any CPU.ActiveCfg = Release|Any CPU
		{320B1170-3433-4F9B-A51D-B54D8E3C91D4}.Release|Any CPU.Build.0 = Release|Any CPU
		{B4C006AF-B597-4966-A6C5-A9A305221831}.Debug|Any CPU.ActiveCfg = Debug|Any CPU
		{B4C006AF-B597-4966-A6C5-A9A305221831}.Debug|Any CPU.Build.0 = Debug|Any CPU
		{B4C006AF-B597-4966-A6C5-A9A305221831}.Release|Any CPU.ActiveCfg = Release|Any CPU
		{B4C006AF-B597-4966-A6C5-A9A305221831}.Release|Any CPU.Build.0 = Release|Any CPU
		{344D35F9-C0E8-4974-A7F3-FD89BA72C22B}.Debug|Any CPU.ActiveCfg = Debug|Any CPU
		{344D35F9-C0E8-4974-A7F3-FD89BA72C22B}.Debug|Any CPU.Build.0 = Debug|Any CPU
		{344D35F9-C0E8-4974-A7F3-FD89BA72C22B}.Release|Any CPU.ActiveCfg = Release|Any CPU
		{344D35F9-C0E8-4974-A7F3-FD89BA72C22B}.Release|Any CPU.Build.0 = Release|Any CPU
		{A6AB03C6-5011-4BB6-9311-29672E7638ED}.Debug|Any CPU.ActiveCfg = Debug|Any CPU
		{A6AB03C6-5011-4BB6-9311-29672E7638ED}.Debug|Any CPU.Build.0 = Debug|Any CPU
		{A6AB03C6-5011-4BB6-9311-29672E7638ED}.Release|Any CPU.ActiveCfg = Release|Any CPU
		{A6AB03C6-5011-4BB6-9311-29672E7638ED}.Release|Any CPU.Build.0 = Release|Any CPU
		{E7CE5A39-2550-4C44-83F4-9E9021455A11}.Debug|Any CPU.ActiveCfg = Debug|Any CPU
		{E7CE5A39-2550-4C44-83F4-9E9021455A11}.Debug|Any CPU.Build.0 = Debug|Any CPU
		{E7CE5A39-2550-4C44-83F4-9E9021455A11}.Release|Any CPU.ActiveCfg = Release|Any CPU
		{E7CE5A39-2550-4C44-83F4-9E9021455A11}.Release|Any CPU.Build.0 = Release|Any CPU
		{3181C18D-6118-4063-95BD-56301839F543}.Debug|Any CPU.ActiveCfg = Debug|Any CPU
		{3181C18D-6118-4063-95BD-56301839F543}.Debug|Any CPU.Build.0 = Debug|Any CPU
		{3181C18D-6118-4063-95BD-56301839F543}.Release|Any CPU.ActiveCfg = Release|Any CPU
		{3181C18D-6118-4063-95BD-56301839F543}.Release|Any CPU.Build.0 = Release|Any CPU
		{9B76D7E7-6EF8-4F21-B7E4-77A7C4D56B39}.Debug|Any CPU.ActiveCfg = Debug|Any CPU
		{9B76D7E7-6EF8-4F21-B7E4-77A7C4D56B39}.Debug|Any CPU.Build.0 = Debug|Any CPU
		{9B76D7E7-6EF8-4F21-B7E4-77A7C4D56B39}.Release|Any CPU.ActiveCfg = Release|Any CPU
		{9B76D7E7-6EF8-4F21-B7E4-77A7C4D56B39}.Release|Any CPU.Build.0 = Release|Any CPU
		{0F1BFA73-8F3E-4CD0-AD80-656FF26B9B20}.Debug|Any CPU.ActiveCfg = Debug|Any CPU
		{0F1BFA73-8F3E-4CD0-AD80-656FF26B9B20}.Debug|Any CPU.Build.0 = Debug|Any CPU
		{0F1BFA73-8F3E-4CD0-AD80-656FF26B9B20}.Release|Any CPU.ActiveCfg = Release|Any CPU
		{0F1BFA73-8F3E-4CD0-AD80-656FF26B9B20}.Release|Any CPU.Build.0 = Release|Any CPU
		{6B67FBDE-9F10-4EBD-9DD0-7F390016C661}.Debug|Any CPU.ActiveCfg = Debug|Any CPU
		{6B67FBDE-9F10-4EBD-9DD0-7F390016C661}.Debug|Any CPU.Build.0 = Debug|Any CPU
		{6B67FBDE-9F10-4EBD-9DD0-7F390016C661}.Release|Any CPU.ActiveCfg = Release|Any CPU
		{6B67FBDE-9F10-4EBD-9DD0-7F390016C661}.Release|Any CPU.Build.0 = Release|Any CPU
		{99AC6666-8414-4212-A046-4F3C2B12DF8F}.Debug|Any CPU.ActiveCfg = Debug|Any CPU
		{99AC6666-8414-4212-A046-4F3C2B12DF8F}.Debug|Any CPU.Build.0 = Debug|Any CPU
		{99AC6666-8414-4212-A046-4F3C2B12DF8F}.Release|Any CPU.ActiveCfg = Release|Any CPU
		{99AC6666-8414-4212-A046-4F3C2B12DF8F}.Release|Any CPU.Build.0 = Release|Any CPU
		{B9C35904-7F49-4F4A-B783-7C527CAEAF86}.Debug|Any CPU.ActiveCfg = Debug|Any CPU
		{B9C35904-7F49-4F4A-B783-7C527CAEAF86}.Debug|Any CPU.Build.0 = Debug|Any CPU
		{B9C35904-7F49-4F4A-B783-7C527CAEAF86}.Release|Any CPU.ActiveCfg = Release|Any CPU
		{B9C35904-7F49-4F4A-B783-7C527CAEAF86}.Release|Any CPU.Build.0 = Release|Any CPU
		{10FC14D4-0A6C-4E2D-87BF-FE320E82FC47}.Debug|Any CPU.ActiveCfg = Debug|Any CPU
		{10FC14D4-0A6C-4E2D-87BF-FE320E82FC47}.Debug|Any CPU.Build.0 = Debug|Any CPU
		{10FC14D4-0A6C-4E2D-87BF-FE320E82FC47}.Release|Any CPU.ActiveCfg = Release|Any CPU
		{10FC14D4-0A6C-4E2D-87BF-FE320E82FC47}.Release|Any CPU.Build.0 = Release|Any CPU
		{4C17888F-4D9C-47A4-9DD8-D379540A556A}.Debug|Any CPU.ActiveCfg = Debug|Any CPU
		{4C17888F-4D9C-47A4-9DD8-D379540A556A}.Debug|Any CPU.Build.0 = Debug|Any CPU
		{4C17888F-4D9C-47A4-9DD8-D379540A556A}.Release|Any CPU.ActiveCfg = Release|Any CPU
		{4C17888F-4D9C-47A4-9DD8-D379540A556A}.Release|Any CPU.Build.0 = Release|Any CPU
		{60754D36-8F83-4D93-B5D7-DF2FC478EF1B}.Debug|Any CPU.ActiveCfg = Debug|Any CPU
		{60754D36-8F83-4D93-B5D7-DF2FC478EF1B}.Debug|Any CPU.Build.0 = Debug|Any CPU
		{60754D36-8F83-4D93-B5D7-DF2FC478EF1B}.Release|Any CPU.ActiveCfg = Release|Any CPU
		{60754D36-8F83-4D93-B5D7-DF2FC478EF1B}.Release|Any CPU.Build.0 = Release|Any CPU
		{766432D1-3683-4EA4-B628-53AB0FFA7855}.Debug|Any CPU.ActiveCfg = Debug|Any CPU
		{766432D1-3683-4EA4-B628-53AB0FFA7855}.Debug|Any CPU.Build.0 = Debug|Any CPU
		{766432D1-3683-4EA4-B628-53AB0FFA7855}.Release|Any CPU.ActiveCfg = Release|Any CPU
		{766432D1-3683-4EA4-B628-53AB0FFA7855}.Release|Any CPU.Build.0 = Release|Any CPU
		{580E43C7-FBB4-46A6-83A7-57B6C450FBBE}.Debug|Any CPU.ActiveCfg = Debug|Any CPU
		{580E43C7-FBB4-46A6-83A7-57B6C450FBBE}.Debug|Any CPU.Build.0 = Debug|Any CPU
		{580E43C7-FBB4-46A6-83A7-57B6C450FBBE}.Release|Any CPU.ActiveCfg = Release|Any CPU
		{580E43C7-FBB4-46A6-83A7-57B6C450FBBE}.Release|Any CPU.Build.0 = Release|Any CPU
		{C76212C0-A29C-4CDB-8139-49656B835C8B}.Debug|Any CPU.ActiveCfg = Debug|Any CPU
		{C76212C0-A29C-4CDB-8139-49656B835C8B}.Debug|Any CPU.Build.0 = Debug|Any CPU
		{C76212C0-A29C-4CDB-8139-49656B835C8B}.Release|Any CPU.ActiveCfg = Release|Any CPU
		{C76212C0-A29C-4CDB-8139-49656B835C8B}.Release|Any CPU.Build.0 = Release|Any CPU
		{51F52465-146C-4A6A-850D-4278DCE3ABFA}.Debug|Any CPU.ActiveCfg = Debug|Any CPU
		{51F52465-146C-4A6A-850D-4278DCE3ABFA}.Debug|Any CPU.Build.0 = Debug|Any CPU
		{51F52465-146C-4A6A-850D-4278DCE3ABFA}.Release|Any CPU.ActiveCfg = Release|Any CPU
		{51F52465-146C-4A6A-850D-4278DCE3ABFA}.Release|Any CPU.Build.0 = Release|Any CPU
		{71D96DA1-4E7D-47FE-B4AD-18D8132A8A49}.Debug|Any CPU.ActiveCfg = Debug|Any CPU
		{71D96DA1-4E7D-47FE-B4AD-18D8132A8A49}.Debug|Any CPU.Build.0 = Debug|Any CPU
		{71D96DA1-4E7D-47FE-B4AD-18D8132A8A49}.Release|Any CPU.ActiveCfg = Release|Any CPU
		{71D96DA1-4E7D-47FE-B4AD-18D8132A8A49}.Release|Any CPU.Build.0 = Release|Any CPU
		{8A449C98-76D3-4C7F-ACB7-53694EFD8FA6}.Debug|Any CPU.ActiveCfg = Debug|Any CPU
		{8A449C98-76D3-4C7F-ACB7-53694EFD8FA6}.Debug|Any CPU.Build.0 = Debug|Any CPU
		{8A449C98-76D3-4C7F-ACB7-53694EFD8FA6}.Release|Any CPU.ActiveCfg = Release|Any CPU
		{8A449C98-76D3-4C7F-ACB7-53694EFD8FA6}.Release|Any CPU.Build.0 = Release|Any CPU
		{7DE1FE62-9C01-4529-9658-D3A8165CC30B}.Debug|Any CPU.ActiveCfg = Debug|Any CPU
		{7DE1FE62-9C01-4529-9658-D3A8165CC30B}.Debug|Any CPU.Build.0 = Debug|Any CPU
		{7DE1FE62-9C01-4529-9658-D3A8165CC30B}.Release|Any CPU.ActiveCfg = Release|Any CPU
		{7DE1FE62-9C01-4529-9658-D3A8165CC30B}.Release|Any CPU.Build.0 = Release|Any CPU
		{065F781D-8AE0-40D1-9A30-0E0716A32E66}.Debug|Any CPU.ActiveCfg = Debug|Any CPU
		{065F781D-8AE0-40D1-9A30-0E0716A32E66}.Debug|Any CPU.Build.0 = Debug|Any CPU
		{065F781D-8AE0-40D1-9A30-0E0716A32E66}.Release|Any CPU.ActiveCfg = Release|Any CPU
		{065F781D-8AE0-40D1-9A30-0E0716A32E66}.Release|Any CPU.Build.0 = Release|Any CPU
		{947A697D-6052-488C-8105-34AB7F60CC41}.Debug|Any CPU.ActiveCfg = Debug|Any CPU
		{947A697D-6052-488C-8105-34AB7F60CC41}.Debug|Any CPU.Build.0 = Debug|Any CPU
		{947A697D-6052-488C-8105-34AB7F60CC41}.Release|Any CPU.ActiveCfg = Release|Any CPU
		{947A697D-6052-488C-8105-34AB7F60CC41}.Release|Any CPU.Build.0 = Release|Any CPU
		{45E585AC-77E4-4E58-A69D-348715940E25}.Debug|Any CPU.ActiveCfg = Debug|Any CPU
		{45E585AC-77E4-4E58-A69D-348715940E25}.Debug|Any CPU.Build.0 = Debug|Any CPU
		{45E585AC-77E4-4E58-A69D-348715940E25}.Release|Any CPU.ActiveCfg = Release|Any CPU
		{45E585AC-77E4-4E58-A69D-348715940E25}.Release|Any CPU.Build.0 = Release|Any CPU
		{0D58E4C5-4F2E-43FF-BAA3-BC88ABA417F5}.Debug|Any CPU.ActiveCfg = Debug|Any CPU
		{0D58E4C5-4F2E-43FF-BAA3-BC88ABA417F5}.Debug|Any CPU.Build.0 = Debug|Any CPU
		{0D58E4C5-4F2E-43FF-BAA3-BC88ABA417F5}.Release|Any CPU.ActiveCfg = Release|Any CPU
		{0D58E4C5-4F2E-43FF-BAA3-BC88ABA417F5}.Release|Any CPU.Build.0 = Release|Any CPU
		{730972FC-9D78-44C1-91DB-BAB7774FC501}.Debug|Any CPU.ActiveCfg = Debug|Any CPU
		{730972FC-9D78-44C1-91DB-BAB7774FC501}.Debug|Any CPU.Build.0 = Debug|Any CPU
		{730972FC-9D78-44C1-91DB-BAB7774FC501}.Release|Any CPU.ActiveCfg = Release|Any CPU
		{730972FC-9D78-44C1-91DB-BAB7774FC501}.Release|Any CPU.Build.0 = Release|Any CPU
		{A94DC40A-6FFC-4487-9F78-E520C5484F81}.Debug|Any CPU.ActiveCfg = Debug|Any CPU
		{A94DC40A-6FFC-4487-9F78-E520C5484F81}.Debug|Any CPU.Build.0 = Debug|Any CPU
		{A94DC40A-6FFC-4487-9F78-E520C5484F81}.Release|Any CPU.ActiveCfg = Release|Any CPU
		{A94DC40A-6FFC-4487-9F78-E520C5484F81}.Release|Any CPU.Build.0 = Release|Any CPU
		{DA6C0059-19B9-47AA-9282-36A169D11672}.Debug|Any CPU.ActiveCfg = Debug|Any CPU
		{DA6C0059-19B9-47AA-9282-36A169D11672}.Debug|Any CPU.Build.0 = Debug|Any CPU
		{DA6C0059-19B9-47AA-9282-36A169D11672}.Release|Any CPU.ActiveCfg = Release|Any CPU
		{DA6C0059-19B9-47AA-9282-36A169D11672}.Release|Any CPU.Build.0 = Release|Any CPU
		{9F3A372C-4F7F-4094-A399-BCB2E8397D2E}.Debug|Any CPU.ActiveCfg = Debug|Any CPU
		{9F3A372C-4F7F-4094-A399-BCB2E8397D2E}.Debug|Any CPU.Build.0 = Debug|Any CPU
		{9F3A372C-4F7F-4094-A399-BCB2E8397D2E}.Release|Any CPU.ActiveCfg = Release|Any CPU
		{9F3A372C-4F7F-4094-A399-BCB2E8397D2E}.Release|Any CPU.Build.0 = Release|Any CPU
		{93406FFB-08AD-4657-A719-D975A52755E8}.Debug|Any CPU.ActiveCfg = Debug|Any CPU
		{93406FFB-08AD-4657-A719-D975A52755E8}.Debug|Any CPU.Build.0 = Debug|Any CPU
		{93406FFB-08AD-4657-A719-D975A52755E8}.Release|Any CPU.ActiveCfg = Release|Any CPU
		{93406FFB-08AD-4657-A719-D975A52755E8}.Release|Any CPU.Build.0 = Release|Any CPU
		{4329BF10-1497-4C86-A196-BA4A284005E4}.Debug|Any CPU.ActiveCfg = Debug|Any CPU
		{4329BF10-1497-4C86-A196-BA4A284005E4}.Debug|Any CPU.Build.0 = Debug|Any CPU
		{4329BF10-1497-4C86-A196-BA4A284005E4}.Release|Any CPU.ActiveCfg = Release|Any CPU
		{4329BF10-1497-4C86-A196-BA4A284005E4}.Release|Any CPU.Build.0 = Release|Any CPU
		{C74E734C-5289-49D2-A58A-4A7FEA636953}.Debug|Any CPU.ActiveCfg = Debug|Any CPU
		{C74E734C-5289-49D2-A58A-4A7FEA636953}.Debug|Any CPU.Build.0 = Debug|Any CPU
		{C74E734C-5289-49D2-A58A-4A7FEA636953}.Release|Any CPU.ActiveCfg = Release|Any CPU
		{C74E734C-5289-49D2-A58A-4A7FEA636953}.Release|Any CPU.Build.0 = Release|Any CPU
		{7CF7BDE5-0A91-4085-8602-EABE54F78A22}.Debug|Any CPU.ActiveCfg = Debug|Any CPU
		{7CF7BDE5-0A91-4085-8602-EABE54F78A22}.Debug|Any CPU.Build.0 = Debug|Any CPU
		{7CF7BDE5-0A91-4085-8602-EABE54F78A22}.Release|Any CPU.ActiveCfg = Release|Any CPU
		{7CF7BDE5-0A91-4085-8602-EABE54F78A22}.Release|Any CPU.Build.0 = Release|Any CPU
		{12DF45BC-7891-444D-B060-C29BF7BA1246}.Debug|Any CPU.ActiveCfg = Debug|Any CPU
		{12DF45BC-7891-444D-B060-C29BF7BA1246}.Debug|Any CPU.Build.0 = Debug|Any CPU
		{12DF45BC-7891-444D-B060-C29BF7BA1246}.Release|Any CPU.ActiveCfg = Release|Any CPU
		{12DF45BC-7891-444D-B060-C29BF7BA1246}.Release|Any CPU.Build.0 = Release|Any CPU
	EndGlobalSection
	GlobalSection(SolutionProperties) = preSolution
		HideSolutionNode = FALSE
	EndGlobalSection
EndGlobal
